
Microsoft Visual Studio Solution File, Format Version 12.00
# Visual Studio Version 17
VisualStudioVersion = 17.3.32901.215
MinimumVisualStudioVersion = 10.0.40219.1
Project("{8BC9CEB8-8B4A-11D0-8D11-00A0C91BC942}") = "core", "src\core\core.vcxproj", "{AC574CFC-E7FF-4E8F-96B3-C92037DD68C5}"
	ProjectSection(ProjectDependencies) = postProject
		{647A82B6-2271-40C4-82D9-F2363DBFF02E} = {647A82B6-2271-40C4-82D9-F2363DBFF02E}
		{F2EFD4EC-8EC0-46AC-8BA4-887B051B52FC} = {F2EFD4EC-8EC0-46AC-8BA4-887B051B52FC}
	EndProjectSection
EndProject
Project("{9A19103F-16F7-4668-BE54-9A1E7A4F7556}") = "ScriptHookVDotNetCore", "src\ScriptHookVDotNetCore\ScriptHookVDotNetCore.csproj", "{F2EFD4EC-8EC0-46AC-8BA4-887B051B52FC}"
EndProject
Project("{9A19103F-16F7-4668-BE54-9A1E7A4F7556}") = "CodeGen", "tools\CodeGen\CodeGen.csproj", "{D57E83B1-4FB4-4D2A-9430-C070FF7BEB6D}"
EndProject
Project("{2150E333-8FDC-42A3-9474-1A3956D46DE8}") = "tools", "tools", "{0CED6C14-C150-4D0B-822D-2120E1A6F18E}"
EndProject
Project("{2150E333-8FDC-42A3-9474-1A3956D46DE8}") = "examples", "examples", "{0D1DFD62-0D48-48C6-AFA6-6183437E93AA}"
EndProject
Project("{9A19103F-16F7-4668-BE54-9A1E7A4F7556}") = "ScriptHookVDotNetCore.NativeAOT.Generator", "src\ScriptHookVDotNetCore.Generator\ScriptHookVDotNetCore.NativeAOT.Generator.csproj", "{A0428A04-0AA0-4507-9543-6AF436FFEE60}"
EndProject
Project("{9A19103F-16F7-4668-BE54-9A1E7A4F7556}") = "AirStrike", "examples\AirStrike\AirStrike.csproj", "{87DB4973-2577-46DC-B0ED-CB594267B244}"
EndProject
Project("{9A19103F-16F7-4668-BE54-9A1E7A4F7556}") = "Updater", "tools\Updater\Updater.csproj", "{52CCEA32-BF18-4DC2-88B0-0D40735C78DD}"
EndProject
Project("{9A19103F-16F7-4668-BE54-9A1E7A4F7556}") = "Test", "tools\Test\Test.csproj", "{239AAC78-3963-414B-9053-AD729F3DEC18}"
EndProject
Project("{8BC9CEB8-8B4A-11D0-8D11-00A0C91BC942}") = "BaseScript", "src\BaseScript\BaseScript.vcxproj", "{647A82B6-2271-40C4-82D9-F2363DBFF02E}"
EndProject
Project("{9A19103F-16F7-4668-BE54-9A1E7A4F7556}") = "ControllerExample", "examples\ControllerExample\ControllerExample.csproj", "{C2EB3A63-4C07-4D28-A1F1-B9A47D121ED0}"
EndProject
Project("{9A19103F-16F7-4668-BE54-9A1E7A4F7556}") = "ScriptHookVDotNetCore.NativeAOT", "src\ScriptHookVDotNetCore\ScriptHookVDotNetCore.NativeAOT.csproj", "{DF5AFA1B-3FCC-4172-93E8-31D14F9CE866}"
	ProjectSection(ProjectDependencies) = postProject
		{A0428A04-0AA0-4507-9543-6AF436FFEE60} = {A0428A04-0AA0-4507-9543-6AF436FFEE60}
		{F2EFD4EC-8EC0-46AC-8BA4-887B051B52FC} = {F2EFD4EC-8EC0-46AC-8BA4-887B051B52FC}
	EndProjectSection
EndProject
Global
	GlobalSection(SolutionConfigurationPlatforms) = preSolution
		Debug|Any CPU = Debug|Any CPU
		Debug|x64 = Debug|x64
		Debug|x86 = Debug|x86
		Release|Any CPU = Release|Any CPU
		Release|x64 = Release|x64
		Release|x86 = Release|x86
	EndGlobalSection
	GlobalSection(ProjectConfigurationPlatforms) = postSolution
		{AC574CFC-E7FF-4E8F-96B3-C92037DD68C5}.Debug|Any CPU.ActiveCfg = Debug|x64
		{AC574CFC-E7FF-4E8F-96B3-C92037DD68C5}.Debug|Any CPU.Build.0 = Debug|x64
		{AC574CFC-E7FF-4E8F-96B3-C92037DD68C5}.Debug|x64.ActiveCfg = Debug|x64
		{AC574CFC-E7FF-4E8F-96B3-C92037DD68C5}.Debug|x64.Build.0 = Debug|x64
		{AC574CFC-E7FF-4E8F-96B3-C92037DD68C5}.Debug|x86.ActiveCfg = Debug|x64
		{AC574CFC-E7FF-4E8F-96B3-C92037DD68C5}.Debug|x86.Build.0 = Debug|x64
		{AC574CFC-E7FF-4E8F-96B3-C92037DD68C5}.Release|Any CPU.ActiveCfg = Release|x64
		{AC574CFC-E7FF-4E8F-96B3-C92037DD68C5}.Release|Any CPU.Build.0 = Release|x64
		{AC574CFC-E7FF-4E8F-96B3-C92037DD68C5}.Release|x64.ActiveCfg = Release|x64
		{AC574CFC-E7FF-4E8F-96B3-C92037DD68C5}.Release|x64.Build.0 = Release|x64
		{AC574CFC-E7FF-4E8F-96B3-C92037DD68C5}.Release|x86.ActiveCfg = Release|x64
		{AC574CFC-E7FF-4E8F-96B3-C92037DD68C5}.Release|x86.Build.0 = Release|x64
		{F2EFD4EC-8EC0-46AC-8BA4-887B051B52FC}.Debug|Any CPU.ActiveCfg = Debug|Any CPU
		{F2EFD4EC-8EC0-46AC-8BA4-887B051B52FC}.Debug|Any CPU.Build.0 = Debug|Any CPU
		{F2EFD4EC-8EC0-46AC-8BA4-887B051B52FC}.Debug|x64.ActiveCfg = Debug|Any CPU
		{F2EFD4EC-8EC0-46AC-8BA4-887B051B52FC}.Debug|x64.Build.0 = Debug|Any CPU
		{F2EFD4EC-8EC0-46AC-8BA4-887B051B52FC}.Debug|x86.ActiveCfg = Debug|Any CPU
		{F2EFD4EC-8EC0-46AC-8BA4-887B051B52FC}.Debug|x86.Build.0 = Debug|Any CPU
		{F2EFD4EC-8EC0-46AC-8BA4-887B051B52FC}.Release|Any CPU.ActiveCfg = Release|Any CPU
		{F2EFD4EC-8EC0-46AC-8BA4-887B051B52FC}.Release|Any CPU.Build.0 = Release|Any CPU
		{F2EFD4EC-8EC0-46AC-8BA4-887B051B52FC}.Release|x64.ActiveCfg = Release|Any CPU
		{F2EFD4EC-8EC0-46AC-8BA4-887B051B52FC}.Release|x64.Build.0 = Release|Any CPU
		{F2EFD4EC-8EC0-46AC-8BA4-887B051B52FC}.Release|x86.ActiveCfg = Release|Any CPU
		{F2EFD4EC-8EC0-46AC-8BA4-887B051B52FC}.Release|x86.Build.0 = Release|Any CPU
		{D57E83B1-4FB4-4D2A-9430-C070FF7BEB6D}.Debug|Any CPU.ActiveCfg = Debug|Any CPU
		{D57E83B1-4FB4-4D2A-9430-C070FF7BEB6D}.Debug|Any CPU.Build.0 = Debug|Any CPU
		{D57E83B1-4FB4-4D2A-9430-C070FF7BEB6D}.Debug|x64.ActiveCfg = Debug|Any CPU
		{D57E83B1-4FB4-4D2A-9430-C070FF7BEB6D}.Debug|x64.Build.0 = Debug|Any CPU
		{D57E83B1-4FB4-4D2A-9430-C070FF7BEB6D}.Debug|x86.ActiveCfg = Debug|Any CPU
		{D57E83B1-4FB4-4D2A-9430-C070FF7BEB6D}.Debug|x86.Build.0 = Debug|Any CPU
		{D57E83B1-4FB4-4D2A-9430-C070FF7BEB6D}.Release|Any CPU.ActiveCfg = Release|Any CPU
		{D57E83B1-4FB4-4D2A-9430-C070FF7BEB6D}.Release|Any CPU.Build.0 = Release|Any CPU
		{D57E83B1-4FB4-4D2A-9430-C070FF7BEB6D}.Release|x64.ActiveCfg = Release|Any CPU
		{D57E83B1-4FB4-4D2A-9430-C070FF7BEB6D}.Release|x64.Build.0 = Release|Any CPU
		{D57E83B1-4FB4-4D2A-9430-C070FF7BEB6D}.Release|x86.ActiveCfg = Release|Any CPU
		{D57E83B1-4FB4-4D2A-9430-C070FF7BEB6D}.Release|x86.Build.0 = Release|Any CPU
		{A0428A04-0AA0-4507-9543-6AF436FFEE60}.Debug|Any CPU.ActiveCfg = Debug|Any CPU
		{A0428A04-0AA0-4507-9543-6AF436FFEE60}.Debug|Any CPU.Build.0 = Debug|Any CPU
		{A0428A04-0AA0-4507-9543-6AF436FFEE60}.Debug|x64.ActiveCfg = Debug|Any CPU
		{A0428A04-0AA0-4507-9543-6AF436FFEE60}.Debug|x64.Build.0 = Debug|Any CPU
		{A0428A04-0AA0-4507-9543-6AF436FFEE60}.Debug|x86.ActiveCfg = Debug|Any CPU
		{A0428A04-0AA0-4507-9543-6AF436FFEE60}.Debug|x86.Build.0 = Debug|Any CPU
		{A0428A04-0AA0-4507-9543-6AF436FFEE60}.Release|Any CPU.ActiveCfg = Release|Any CPU
		{A0428A04-0AA0-4507-9543-6AF436FFEE60}.Release|Any CPU.Build.0 = Release|Any CPU
		{A0428A04-0AA0-4507-9543-6AF436FFEE60}.Release|x64.ActiveCfg = Release|Any CPU
		{A0428A04-0AA0-4507-9543-6AF436FFEE60}.Release|x64.Build.0 = Release|Any CPU
		{A0428A04-0AA0-4507-9543-6AF436FFEE60}.Release|x86.ActiveCfg = Release|Any CPU
		{A0428A04-0AA0-4507-9543-6AF436FFEE60}.Release|x86.Build.0 = Release|Any CPU
		{87DB4973-2577-46DC-B0ED-CB594267B244}.Debug|Any CPU.ActiveCfg = Debug|Any CPU
		{87DB4973-2577-46DC-B0ED-CB594267B244}.Debug|Any CPU.Build.0 = Debug|Any CPU
		{87DB4973-2577-46DC-B0ED-CB594267B244}.Debug|x64.ActiveCfg = Debug|Any CPU
		{87DB4973-2577-46DC-B0ED-CB594267B244}.Debug|x64.Build.0 = Debug|Any CPU
		{87DB4973-2577-46DC-B0ED-CB594267B244}.Debug|x86.ActiveCfg = Debug|Any CPU
		{87DB4973-2577-46DC-B0ED-CB594267B244}.Debug|x86.Build.0 = Debug|Any CPU
		{87DB4973-2577-46DC-B0ED-CB594267B244}.Release|Any CPU.ActiveCfg = Release|Any CPU
		{87DB4973-2577-46DC-B0ED-CB594267B244}.Release|Any CPU.Build.0 = Release|Any CPU
		{87DB4973-2577-46DC-B0ED-CB594267B244}.Release|x64.ActiveCfg = Release|Any CPU
		{87DB4973-2577-46DC-B0ED-CB594267B244}.Release|x64.Build.0 = Release|Any CPU
		{87DB4973-2577-46DC-B0ED-CB594267B244}.Release|x86.ActiveCfg = Release|Any CPU
		{87DB4973-2577-46DC-B0ED-CB594267B244}.Release|x86.Build.0 = Release|Any CPU
		{52CCEA32-BF18-4DC2-88B0-0D40735C78DD}.Debug|Any CPU.ActiveCfg = Debug|Any CPU
		{52CCEA32-BF18-4DC2-88B0-0D40735C78DD}.Debug|Any CPU.Build.0 = Debug|Any CPU
		{52CCEA32-BF18-4DC2-88B0-0D40735C78DD}.Debug|x64.ActiveCfg = Debug|Any CPU
		{52CCEA32-BF18-4DC2-88B0-0D40735C78DD}.Debug|x64.Build.0 = Debug|Any CPU
		{52CCEA32-BF18-4DC2-88B0-0D40735C78DD}.Debug|x86.ActiveCfg = Debug|Any CPU
		{52CCEA32-BF18-4DC2-88B0-0D40735C78DD}.Debug|x86.Build.0 = Debug|Any CPU
		{52CCEA32-BF18-4DC2-88B0-0D40735C78DD}.Release|Any CPU.ActiveCfg = Release|Any CPU
		{52CCEA32-BF18-4DC2-88B0-0D40735C78DD}.Release|Any CPU.Build.0 = Release|Any CPU
		{52CCEA32-BF18-4DC2-88B0-0D40735C78DD}.Release|x64.ActiveCfg = Release|Any CPU
		{52CCEA32-BF18-4DC2-88B0-0D40735C78DD}.Release|x64.Build.0 = Release|Any CPU
		{52CCEA32-BF18-4DC2-88B0-0D40735C78DD}.Release|x86.ActiveCfg = Release|Any CPU
		{52CCEA32-BF18-4DC2-88B0-0D40735C78DD}.Release|x86.Build.0 = Release|Any CPU
		{239AAC78-3963-414B-9053-AD729F3DEC18}.Debug|Any CPU.ActiveCfg = Debug|Any CPU
		{239AAC78-3963-414B-9053-AD729F3DEC18}.Debug|Any CPU.Build.0 = Debug|Any CPU
		{239AAC78-3963-414B-9053-AD729F3DEC18}.Debug|x64.ActiveCfg = Debug|Any CPU
		{239AAC78-3963-414B-9053-AD729F3DEC18}.Debug|x64.Build.0 = Debug|Any CPU
		{239AAC78-3963-414B-9053-AD729F3DEC18}.Debug|x86.ActiveCfg = Debug|Any CPU
		{239AAC78-3963-414B-9053-AD729F3DEC18}.Debug|x86.Build.0 = Debug|Any CPU
		{239AAC78-3963-414B-9053-AD729F3DEC18}.Release|Any CPU.ActiveCfg = Release|Any CPU
		{239AAC78-3963-414B-9053-AD729F3DEC18}.Release|Any CPU.Build.0 = Release|Any CPU
		{239AAC78-3963-414B-9053-AD729F3DEC18}.Release|x64.ActiveCfg = Release|Any CPU
		{239AAC78-3963-414B-9053-AD729F3DEC18}.Release|x64.Build.0 = Release|Any CPU
		{239AAC78-3963-414B-9053-AD729F3DEC18}.Release|x86.ActiveCfg = Release|Any CPU
		{239AAC78-3963-414B-9053-AD729F3DEC18}.Release|x86.Build.0 = Release|Any CPU
		{647A82B6-2271-40C4-82D9-F2363DBFF02E}.Debug|Any CPU.ActiveCfg = Debug|x64
		{647A82B6-2271-40C4-82D9-F2363DBFF02E}.Debug|Any CPU.Build.0 = Debug|x64
		{647A82B6-2271-40C4-82D9-F2363DBFF02E}.Debug|x64.ActiveCfg = Debug|x64
		{647A82B6-2271-40C4-82D9-F2363DBFF02E}.Debug|x64.Build.0 = Debug|x64
		{647A82B6-2271-40C4-82D9-F2363DBFF02E}.Debug|x86.ActiveCfg = Debug|Win32
		{647A82B6-2271-40C4-82D9-F2363DBFF02E}.Debug|x86.Build.0 = Debug|Win32
		{647A82B6-2271-40C4-82D9-F2363DBFF02E}.Release|Any CPU.ActiveCfg = Release|x64
		{647A82B6-2271-40C4-82D9-F2363DBFF02E}.Release|Any CPU.Build.0 = Release|x64
		{647A82B6-2271-40C4-82D9-F2363DBFF02E}.Release|x64.ActiveCfg = Release|x64
		{647A82B6-2271-40C4-82D9-F2363DBFF02E}.Release|x64.Build.0 = Release|x64
		{647A82B6-2271-40C4-82D9-F2363DBFF02E}.Release|x86.ActiveCfg = Release|Win32
		{647A82B6-2271-40C4-82D9-F2363DBFF02E}.Release|x86.Build.0 = Release|Win32
		{C2EB3A63-4C07-4D28-A1F1-B9A47D121ED0}.Debug|Any CPU.ActiveCfg = Debug|Any CPU
		{C2EB3A63-4C07-4D28-A1F1-B9A47D121ED0}.Debug|Any CPU.Build.0 = Debug|Any CPU
		{C2EB3A63-4C07-4D28-A1F1-B9A47D121ED0}.Debug|x64.ActiveCfg = Debug|Any CPU
		{C2EB3A63-4C07-4D28-A1F1-B9A47D121ED0}.Debug|x64.Build.0 = Debug|Any CPU
		{C2EB3A63-4C07-4D28-A1F1-B9A47D121ED0}.Debug|x86.ActiveCfg = Debug|Any CPU
		{C2EB3A63-4C07-4D28-A1F1-B9A47D121ED0}.Debug|x86.Build.0 = Debug|Any CPU
		{C2EB3A63-4C07-4D28-A1F1-B9A47D121ED0}.Release|Any CPU.ActiveCfg = Release|Any CPU
		{C2EB3A63-4C07-4D28-A1F1-B9A47D121ED0}.Release|Any CPU.Build.0 = Release|Any CPU
		{C2EB3A63-4C07-4D28-A1F1-B9A47D121ED0}.Release|x64.ActiveCfg = Release|Any CPU
		{C2EB3A63-4C07-4D28-A1F1-B9A47D121ED0}.Release|x64.Build.0 = Release|Any CPU
		{C2EB3A63-4C07-4D28-A1F1-B9A47D121ED0}.Release|x86.ActiveCfg = Release|Any CPU
		{C2EB3A63-4C07-4D28-A1F1-B9A47D121ED0}.Release|x86.Build.0 = Release|Any CPU
		{DF5AFA1B-3FCC-4172-93E8-31D14F9CE866}.Debug|Any CPU.ActiveCfg = Debug|Any CPU
		{DF5AFA1B-3FCC-4172-93E8-31D14F9CE866}.Debug|Any CPU.Build.0 = Debug|Any CPU
		{DF5AFA1B-3FCC-4172-93E8-31D14F9CE866}.Debug|x64.ActiveCfg = Debug|Any CPU
		{DF5AFA1B-3FCC-4172-93E8-31D14F9CE866}.Debug|x64.Build.0 = Debug|Any CPU
		{DF5AFA1B-3FCC-4172-93E8-31D14F9CE866}.Debug|x86.ActiveCfg = Debug|Any CPU
		{DF5AFA1B-3FCC-4172-93E8-31D14F9CE866}.Debug|x86.Build.0 = Debug|Any CPU
		{DF5AFA1B-3FCC-4172-93E8-31D14F9CE866}.Release|Any CPU.ActiveCfg = Release|Any CPU
		{DF5AFA1B-3FCC-4172-93E8-31D14F9CE866}.Release|Any CPU.Build.0 = Release|Any CPU
		{DF5AFA1B-3FCC-4172-93E8-31D14F9CE866}.Release|x64.ActiveCfg = Release|Any CPU
		{DF5AFA1B-3FCC-4172-93E8-31D14F9CE866}.Release|x64.Build.0 = Release|Any CPU
		{DF5AFA1B-3FCC-4172-93E8-31D14F9CE866}.Release|x86.ActiveCfg = Release|Any CPU
		{DF5AFA1B-3FCC-4172-93E8-31D14F9CE866}.Release|x86.Build.0 = Release|Any CPU
	EndGlobalSection
	GlobalSection(SolutionProperties) = preSolution
		HideSolutionNode = FALSE
	EndGlobalSection
	GlobalSection(NestedProjects) = preSolution
		{D57E83B1-4FB4-4D2A-9430-C070FF7BEB6D} = {0CED6C14-C150-4D0B-822D-2120E1A6F18E}
		{87DB4973-2577-46DC-B0ED-CB594267B244} = {0D1DFD62-0D48-48C6-AFA6-6183437E93AA}
		{52CCEA32-BF18-4DC2-88B0-0D40735C78DD} = {0CED6C14-C150-4D0B-822D-2120E1A6F18E}
		{239AAC78-3963-414B-9053-AD729F3DEC18} = {0CED6C14-C150-4D0B-822D-2120E1A6F18E}
		{C2EB3A63-4C07-4D28-A1F1-B9A47D121ED0} = {0D1DFD62-0D48-48C6-AFA6-6183437E93AA}
	EndGlobalSection
	GlobalSection(ExtensibilityGlobals) = postSolution
		SolutionGuid = {BB705119-87AF-432B-A23A-5CF7BD5D3816}
	EndGlobalSection
EndGlobal
